
Microsoft Visual Studio Solution File, Format Version 12.00
# Visual Studio Version 17
VisualStudioVersion = 17.13.35931.197 d17.13
MinimumVisualStudioVersion = 10.0.40219.1
Project("{FAE04EC0-301F-11D3-BF4B-00C04F79EFBC}") = "Presentation", "Presentation\Presentation.csproj", "{121013B4-F384-43FC-B5AA-AD6DF976772B}"
EndProject
Project("{FAE04EC0-301F-11D3-BF4B-00C04F79EFBC}") = "Application", "Application\Application.csproj", "{668761DC-11EA-4D17-8434-BB234E72D3F4}"
EndProject
Project("{FAE04EC0-301F-11D3-BF4B-00C04F79EFBC}") = "Domain", "Domain\Domain.csproj", "{6A3D1F7F-661D-4646-84F0-C230E0771099}"
EndProject
Project("{FAE04EC0-301F-11D3-BF4B-00C04F79EFBC}") = "Infrastructure", "Infrastructure\Infrastructure.csproj", "{5ED01268-F4F4-4013-915F-388E3AC3712E}"
EndProject
Global
	GlobalSection(SolutionConfigurationPlatforms) = preSolution
		Debug|Any CPU = Debug|Any CPU
		Release|Any CPU = Release|Any CPU
	EndGlobalSection
	GlobalSection(ProjectConfigurationPlatforms) = postSolution
		{121013B4-F384-43FC-B5AA-AD6DF976772B}.Debug|Any CPU.ActiveCfg = Debug|Any CPU
		{121013B4-F384-43FC-B5AA-AD6DF976772B}.Debug|Any CPU.Build.0 = Debug|Any CPU
		{121013B4-F384-43FC-B5AA-AD6DF976772B}.Release|Any CPU.ActiveCfg = Release|Any CPU
		{121013B4-F384-43FC-B5AA-AD6DF976772B}.Release|Any CPU.Build.0 = Release|Any CPU
		{668761DC-11EA-4D17-8434-BB234E72D3F4}.Debug|Any CPU.ActiveCfg = Debug|Any CPU
		{668761DC-11EA-4D17-8434-BB234E72D3F4}.Debug|Any CPU.Build.0 = Debug|Any CPU
		{668761DC-11EA-4D17-8434-BB234E72D3F4}.Release|Any CPU.ActiveCfg = Release|Any CPU
		{668761DC-11EA-4D17-8434-BB234E72D3F4}.Release|Any CPU.Build.0 = Release|Any CPU
		{6A3D1F7F-661D-4646-84F0-C230E0771099}.Debug|Any CPU.ActiveCfg = Debug|Any CPU
		{6A3D1F7F-661D-4646-84F0-C230E0771099}.Debug|Any CPU.Build.0 = Debug|Any CPU
		{6A3D1F7F-661D-4646-84F0-C230E0771099}.Release|Any CPU.ActiveCfg = Release|Any CPU
		{6A3D1F7F-661D-4646-84F0-C230E0771099}.Release|Any CPU.Build.0 = Release|Any CPU
		{5ED01268-F4F4-4013-915F-388E3AC3712E}.Debug|Any CPU.ActiveCfg = Debug|Any CPU
		{5ED01268-F4F4-4013-915F-388E3AC3712E}.Debug|Any CPU.Build.0 = Debug|Any CPU
		{5ED01268-F4F4-4013-915F-388E3AC3712E}.Release|Any CPU.ActiveCfg = Release|Any CPU
		{5ED01268-F4F4-4013-915F-388E3AC3712E}.Release|Any CPU.Build.0 = Release|Any CPU
	EndGlobalSection
	GlobalSection(SolutionProperties) = preSolution
		HideSolutionNode = FALSE
	EndGlobalSection
	GlobalSection(ExtensibilityGlobals) = postSolution
		SolutionGuid = {D0C90197-936E-4E65-A462-2FB4D2B6F791}
	EndGlobalSection
EndGlobal
